// !$*UTF8*$!
{
	archiveVersion = 1;
	classes = {
	};
	objectVersion = 56;
	objects = {

/* Begin PBXBuildFile section */
		1518D6B829FA403200ED8969 /* AppDelegate.swift in Sources */ = {isa = PBXBuildFile; fileRef = 1518D6B729FA403200ED8969 /* AppDelegate.swift */; };
		1518D6BA29FA403200ED8969 /* SceneDelegate.swift in Sources */ = {isa = PBXBuildFile; fileRef = 1518D6B929FA403200ED8969 /* SceneDelegate.swift */; };
		1518D6BC29FA403200ED8969 /* ClockViewController.swift in Sources */ = {isa = PBXBuildFile; fileRef = 1518D6BB29FA403200ED8969 /* ClockViewController.swift */; };
		1518D6C129FA403300ED8969 /* Assets.xcassets in Resources */ = {isa = PBXBuildFile; fileRef = 1518D6C029FA403300ED8969 /* Assets.xcassets */; };
		1518D6C429FA403300ED8969 /* LaunchScreen.storyboard in Resources */ = {isa = PBXBuildFile; fileRef = 1518D6C229FA403300ED8969 /* LaunchScreen.storyboard */; };
		1518D6D029FA414300ED8969 /* ClockViewModel.swift in Sources */ = {isa = PBXBuildFile; fileRef = 1518D6CF29FA414300ED8969 /* ClockViewModel.swift */; };
		1518D6D229FA417000ED8969 /* ClockViewControllerInputOutput.swift in Sources */ = {isa = PBXBuildFile; fileRef = 1518D6D129FA417000ED8969 /* ClockViewControllerInputOutput.swift */; };
		1518D6D429FA41A400ED8969 /* Model.swift in Sources */ = {isa = PBXBuildFile; fileRef = 1518D6D329FA41A400ED8969 /* Model.swift */; };
		15DF95B52A7D57C00093EAC7 /* ViewModelable.swift in Sources */ = {isa = PBXBuildFile; fileRef = 15DF95B42A7D57C00093EAC7 /* ViewModelable.swift */; };
		15DF95B82A7D57FA0093EAC7 /* ClockViewModelable.swift in Sources */ = {isa = PBXBuildFile; fileRef = 15DF95B72A7D57FA0093EAC7 /* ClockViewModelable.swift */; };
		15DF95BC2A7D8B5D0093EAC7 /* ViewBindable.swift in Sources */ = {isa = PBXBuildFile; fileRef = 15DF95BB2A7D8B5D0093EAC7 /* ViewBindable.swift */; };
/* End PBXBuildFile section */

/* Begin PBXFileReference section */
		1518D6B429FA403200ED8969 /* MVVM Inputs-Outputs binding with combine.app */ = {isa = PBXFileReference; explicitFileType = wrapper.application; includeInIndex = 0; path = "MVVM Inputs-Outputs binding with combine.app"; sourceTree = BUILT_PRODUCTS_DIR; };
		1518D6B729FA403200ED8969 /* AppDelegate.swift */ = {isa = PBXFileReference; lastKnownFileType = sourcecode.swift; path = AppDelegate.swift; sourceTree = "<group>"; };
		1518D6B929FA403200ED8969 /* SceneDelegate.swift */ = {isa = PBXFileReference; lastKnownFileType = sourcecode.swift; path = SceneDelegate.swift; sourceTree = "<group>"; };
		1518D6BB29FA403200ED8969 /* ClockViewController.swift */ = {isa = PBXFileReference; lastKnownFileType = sourcecode.swift; path = ClockViewController.swift; sourceTree = "<group>"; };
		1518D6C029FA403300ED8969 /* Assets.xcassets */ = {isa = PBXFileReference; lastKnownFileType = folder.assetcatalog; path = Assets.xcassets; sourceTree = "<group>"; };
		1518D6C329FA403300ED8969 /* Base */ = {isa = PBXFileReference; lastKnownFileType = file.storyboard; name = Base; path = Base.lproj/LaunchScreen.storyboard; sourceTree = "<group>"; };
		1518D6C529FA403300ED8969 /* Info.plist */ = {isa = PBXFileReference; lastKnownFileType = text.plist.xml; path = Info.plist; sourceTree = "<group>"; };
		1518D6CF29FA414300ED8969 /* ClockViewModel.swift */ = {isa = PBXFileReference; lastKnownFileType = sourcecode.swift; path = ClockViewModel.swift; sourceTree = "<group>"; };
		1518D6D129FA417000ED8969 /* ClockViewControllerInputOutput.swift */ = {isa = PBXFileReference; lastKnownFileType = sourcecode.swift; path = ClockViewControllerInputOutput.swift; sourceTree = "<group>"; };
		1518D6D329FA41A400ED8969 /* Model.swift */ = {isa = PBXFileReference; lastKnownFileType = sourcecode.swift; path = Model.swift; sourceTree = "<group>"; };
		15DF95B42A7D57C00093EAC7 /* ViewModelable.swift */ = {isa = PBXFileReference; lastKnownFileType = sourcecode.swift; path = ViewModelable.swift; sourceTree = "<group>"; };
		15DF95B72A7D57FA0093EAC7 /* ClockViewModelable.swift */ = {isa = PBXFileReference; lastKnownFileType = sourcecode.swift; path = ClockViewModelable.swift; sourceTree = "<group>"; };
		15DF95BB2A7D8B5D0093EAC7 /* ViewBindable.swift */ = {isa = PBXFileReference; lastKnownFileType = sourcecode.swift; path = ViewBindable.swift; sourceTree = "<group>"; };
/* End PBXFileReference section */

/* Begin PBXFrameworksBuildPhase section */
		1518D6B129FA403200ED8969 /* Frameworks */ = {
			isa = PBXFrameworksBuildPhase;
			buildActionMask = 2147483647;
			files = (
			);
			runOnlyForDeploymentPostprocessing = 0;
		};
/* End PBXFrameworksBuildPhase section */

/* Begin PBXGroup section */
		1518D6AB29FA403200ED8969 = {
			isa = PBXGroup;
			children = (
				1518D6B629FA403200ED8969 /* Source */,
				1518D6B529FA403200ED8969 /* Products */,
			);
			sourceTree = "<group>";
		};
		1518D6B529FA403200ED8969 /* Products */ = {
			isa = PBXGroup;
			children = (
				1518D6B429FA403200ED8969 /* MVVM Inputs-Outputs binding with combine.app */,
			);
			name = Products;
			sourceTree = "<group>";
		};
		1518D6B629FA403200ED8969 /* Source */ = {
			isa = PBXGroup;
			children = (
				1518D6CC29FA410400ED8969 /* Feature */,
				1518D6CB29FA404900ED8969 /* Support */,
			);
			path = Source;
			sourceTree = "<group>";
		};
		1518D6CB29FA404900ED8969 /* Support */ = {
			isa = PBXGroup;
			children = (
				1518D6C029FA403300ED8969 /* Assets.xcassets */,
				1518D6C229FA403300ED8969 /* LaunchScreen.storyboard */,
				1518D6C529FA403300ED8969 /* Info.plist */,
				1518D6B729FA403200ED8969 /* AppDelegate.swift */,
				1518D6B929FA403200ED8969 /* SceneDelegate.swift */,
			);
			path = Support;
			sourceTree = "<group>";
		};
		1518D6CC29FA410400ED8969 /* Feature */ = {
			isa = PBXGroup;
			children = (
				1518D6CD29FA410F00ED8969 /* Main */,
			);
			path = Feature;
			sourceTree = "<group>";
		};
		1518D6CD29FA410F00ED8969 /* Main */ = {
			isa = PBXGroup;
			children = (
				15DF95B62A7D57E40093EAC7 /* Protocol */,
				1518D6CF29FA414300ED8969 /* ClockViewModel.swift */,
				1518D6BB29FA403200ED8969 /* ClockViewController.swift */,
				1518D6D129FA417000ED8969 /* ClockViewControllerInputOutput.swift */,
				1518D6D329FA41A400ED8969 /* Model.swift */,
			);
			path = Main;
			sourceTree = "<group>";
		};
		15DF95B62A7D57E40093EAC7 /* Protocol */ = {
			isa = PBXGroup;
			children = (
				15DF95B42A7D57C00093EAC7 /* ViewModelable.swift */,
				15DF95B72A7D57FA0093EAC7 /* ClockViewModelable.swift */,
				15DF95BB2A7D8B5D0093EAC7 /* ViewBindable.swift */,
			);
			path = Protocol;
			sourceTree = "<group>";
		};
/* End PBXGroup section */

/* Begin PBXNativeTarget section */
		1518D6B329FA403200ED8969 /* MVVM Inputs-Outputs binding with combine */ = {
			isa = PBXNativeTarget;
			buildConfigurationList = 1518D6C829FA403300ED8969 /* Build configuration list for PBXNativeTarget "MVVM Inputs-Outputs binding with combine" */;
			buildPhases = (
				1518D6B029FA403200ED8969 /* Sources */,
				1518D6B129FA403200ED8969 /* Frameworks */,
				1518D6B229FA403200ED8969 /* Resources */,
			);
			buildRules = (
			);
			dependencies = (
			);
			name = "MVVM Inputs-Outputs binding with combine";
			productName = "MVVM Inputs-Outputs binding with combine";
			productReference = 1518D6B429FA403200ED8969 /* MVVM Inputs-Outputs binding with combine.app */;
			productType = "com.apple.product-type.application";
		};
/* End PBXNativeTarget section */

/* Begin PBXProject section */
		1518D6AC29FA403200ED8969 /* Project object */ = {
			isa = PBXProject;
			attributes = {
				BuildIndependentTargetsInParallel = 1;
				LastSwiftUpdateCheck = 1430;
				LastUpgradeCheck = 1430;
				TargetAttributes = {
					1518D6B329FA403200ED8969 = {
						CreatedOnToolsVersion = 14.3;
					};
				};
			};
			buildConfigurationList = 1518D6AF29FA403200ED8969 /* Build configuration list for PBXProject "MVVM Inputs-Outputs binding with combine" */;
			compatibilityVersion = "Xcode 14.0";
			developmentRegion = en;
			hasScannedForEncodings = 0;
			knownRegions = (
				en,
				Base,
			);
			mainGroup = 1518D6AB29FA403200ED8969;
			productRefGroup = 1518D6B529FA403200ED8969 /* Products */;
			projectDirPath = "";
			projectRoot = "";
			targets = (
				1518D6B329FA403200ED8969 /* MVVM Inputs-Outputs binding with combine */,
			);
		};
/* End PBXProject section */

/* Begin PBXResourcesBuildPhase section */
		1518D6B229FA403200ED8969 /* Resources */ = {
			isa = PBXResourcesBuildPhase;
			buildActionMask = 2147483647;
			files = (
				1518D6C429FA403300ED8969 /* LaunchScreen.storyboard in Resources */,
				1518D6C129FA403300ED8969 /* Assets.xcassets in Resources */,
			);
			runOnlyForDeploymentPostprocessing = 0;
		};
/* End PBXResourcesBuildPhase section */

/* Begin PBXSourcesBuildPhase section */
		1518D6B029FA403200ED8969 /* Sources */ = {
			isa = PBXSourcesBuildPhase;
			buildActionMask = 2147483647;
			files = (
				1518D6D229FA417000ED8969 /* ClockViewControllerInputOutput.swift in Sources */,
				15DF95B52A7D57C00093EAC7 /* ViewModelable.swift in Sources */,
				1518D6BC29FA403200ED8969 /* ClockViewController.swift in Sources */,
				1518D6B829FA403200ED8969 /* AppDelegate.swift in Sources */,
				1518D6D429FA41A400ED8969 /* Model.swift in Sources */,
				1518D6D029FA414300ED8969 /* ClockViewModel.swift in Sources */,
				15DF95BC2A7D8B5D0093EAC7 /* ViewBindable.swift in Sources */,
				1518D6BA29FA403200ED8969 /* SceneDelegate.swift in Sources */,
				15DF95B82A7D57FA0093EAC7 /* ClockViewModelable.swift in Sources */,
			);
			runOnlyForDeploymentPostprocessing = 0;
		};
/* End PBXSourcesBuildPhase section */

/* Begin PBXVariantGroup section */
		1518D6C229FA403300ED8969 /* LaunchScreen.storyboard */ = {
			isa = PBXVariantGroup;
			children = (
				1518D6C329FA403300ED8969 /* Base */,
			);
			name = LaunchScreen.storyboard;
			sourceTree = "<group>";
		};
/* End PBXVariantGroup section */

/* Begin XCBuildConfiguration section */
		1518D6C629FA403300ED8969 /* Debug */ = {
			isa = XCBuildConfiguration;
			buildSettings = {
				ALWAYS_SEARCH_USER_PATHS = NO;
				CLANG_ANALYZER_NONNULL = YES;
				CLANG_ANALYZER_NUMBER_OBJECT_CONVERSION = YES_AGGRESSIVE;
				CLANG_CXX_LANGUAGE_STANDARD = "gnu++20";
				CLANG_ENABLE_MODULES = YES;
				CLANG_ENABLE_OBJC_ARC = YES;
				CLANG_ENABLE_OBJC_WEAK = YES;
				CLANG_WARN_BLOCK_CAPTURE_AUTORELEASING = YES;
				CLANG_WARN_BOOL_CONVERSION = YES;
				CLANG_WARN_COMMA = YES;
				CLANG_WARN_CONSTANT_CONVERSION = YES;
				CLANG_WARN_DEPRECATED_OBJC_IMPLEMENTATIONS = YES;
				CLANG_WARN_DIRECT_OBJC_ISA_USAGE = YES_ERROR;
				CLANG_WARN_DOCUMENTATION_COMMENTS = YES;
				CLANG_WARN_EMPTY_BODY = YES;
				CLANG_WARN_ENUM_CONVERSION = YES;
				CLANG_WARN_INFINITE_RECURSION = YES;
				CLANG_WARN_INT_CONVERSION = YES;
				CLANG_WARN_NON_LITERAL_NULL_CONVERSION = YES;
				CLANG_WARN_OBJC_IMPLICIT_RETAIN_SELF = YES;
				CLANG_WARN_OBJC_LITERAL_CONVERSION = YES;
				CLANG_WARN_OBJC_ROOT_CLASS = YES_ERROR;
				CLANG_WARN_QUOTED_INCLUDE_IN_FRAMEWORK_HEADER = YES;
				CLANG_WARN_RANGE_LOOP_ANALYSIS = YES;
				CLANG_WARN_STRICT_PROTOTYPES = YES;
				CLANG_WARN_SUSPICIOUS_MOVE = YES;
				CLANG_WARN_UNGUARDED_AVAILABILITY = YES_AGGRESSIVE;
				CLANG_WARN_UNREACHABLE_CODE = YES;
				CLANG_WARN__DUPLICATE_METHOD_MATCH = YES;
				COPY_PHASE_STRIP = NO;
				DEBUG_INFORMATION_FORMAT = dwarf;
				ENABLE_STRICT_OBJC_MSGSEND = YES;
				ENABLE_TESTABILITY = YES;
				GCC_C_LANGUAGE_STANDARD = gnu11;
				GCC_DYNAMIC_NO_PIC = NO;
				GCC_NO_COMMON_BLOCKS = YES;
				GCC_OPTIMIZATION_LEVEL = 0;
				GCC_PREPROCESSOR_DEFINITIONS = (
					"DEBUG=1",
					"$(inherited)",
				);
				GCC_WARN_64_TO_32_BIT_CONVERSION = YES;
				GCC_WARN_ABOUT_RETURN_TYPE = YES_ERROR;
				GCC_WARN_UNDECLARED_SELECTOR = YES;
				GCC_WARN_UNINITIALIZED_AUTOS = YES_AGGRESSIVE;
				GCC_WARN_UNUSED_FUNCTION = YES;
				GCC_WARN_UNUSED_VARIABLE = YES;
				IPHONEOS_DEPLOYMENT_TARGET = 16.4;
				MTL_ENABLE_DEBUG_INFO = INCLUDE_SOURCE;
				MTL_FAST_MATH = YES;
				ONLY_ACTIVE_ARCH = YES;
				SDKROOT = iphoneos;
				SWIFT_ACTIVE_COMPILATION_CONDITIONS = DEBUG;
				SWIFT_OPTIMIZATION_LEVEL = "-Onone";
			};
			name = Debug;
		};
		1518D6C729FA403300ED8969 /* Release */ = {
			isa = XCBuildConfiguration;
			buildSettings = {
				ALWAYS_SEARCH_USER_PATHS = NO;
				CLANG_ANALYZER_NONNULL = YES;
				CLANG_ANALYZER_NUMBER_OBJECT_CONVERSION = YES_AGGRESSIVE;
				CLANG_CXX_LANGUAGE_STANDARD = "gnu++20";
				CLANG_ENABLE_MODULES = YES;
				CLANG_ENABLE_OBJC_ARC = YES;
				CLANG_ENABLE_OBJC_WEAK = YES;
				CLANG_WARN_BLOCK_CAPTURE_AUTORELEASING = YES;
				CLANG_WARN_BOOL_CONVERSION = YES;
				CLANG_WARN_COMMA = YES;
				CLANG_WARN_CONSTANT_CONVERSION = YES;
				CLANG_WARN_DEPRECATED_OBJC_IMPLEMENTATIONS = YES;
				CLANG_WARN_DIRECT_OBJC_ISA_USAGE = YES_ERROR;
				CLANG_WARN_DOCUMENTATION_COMMENTS = YES;
				CLANG_WARN_EMPTY_BODY = YES;
				CLANG_WARN_ENUM_CONVERSION = YES;
				CLANG_WARN_INFINITE_RECURSION = YES;
				CLANG_WARN_INT_CONVERSION = YES;
				CLANG_WARN_NON_LITERAL_NULL_CONVERSION = YES;
				CLANG_WARN_OBJC_IMPLICIT_RETAIN_SELF = YES;
				CLANG_WARN_OBJC_LITERAL_CONVERSION = YES;
				CLANG_WARN_OBJC_ROOT_CLASS = YES_ERROR;
				CLANG_WARN_QUOTED_INCLUDE_IN_FRAMEWORK_HEADER = YES;
				CLANG_WARN_RANGE_LOOP_ANALYSIS = YES;
				CLANG_WARN_STRICT_PROTOTYPES = YES;
				CLANG_WARN_SUSPICIOUS_MOVE = YES;
				CLANG_WARN_UNGUARDED_AVAILABILITY = YES_AGGRESSIVE;
				CLANG_WARN_UNREACHABLE_CODE = YES;
				CLANG_WARN__DUPLICATE_METHOD_MATCH = YES;
				COPY_PHASE_STRIP = NO;
				DEBUG_INFORMATION_FORMAT = "dwarf-with-dsym";
				ENABLE_NS_ASSERTIONS = NO;
				ENABLE_STRICT_OBJC_MSGSEND = YES;
				GCC_C_LANGUAGE_STANDARD = gnu11;
				GCC_NO_COMMON_BLOCKS = YES;
				GCC_WARN_64_TO_32_BIT_CONVERSION = YES;
				GCC_WARN_ABOUT_RETURN_TYPE = YES_ERROR;
				GCC_WARN_UNDECLARED_SELECTOR = YES;
				GCC_WARN_UNINITIALIZED_AUTOS = YES_AGGRESSIVE;
				GCC_WARN_UNUSED_FUNCTION = YES;
				GCC_WARN_UNUSED_VARIABLE = YES;
				IPHONEOS_DEPLOYMENT_TARGET = 16.4;
				MTL_ENABLE_DEBUG_INFO = NO;
				MTL_FAST_MATH = YES;
				SDKROOT = iphoneos;
				SWIFT_COMPILATION_MODE = wholemodule;
				SWIFT_OPTIMIZATION_LEVEL = "-O";
				VALIDATE_PRODUCT = YES;
			};
			name = Release;
		};
		1518D6C929FA403300ED8969 /* Debug */ = {
			isa = XCBuildConfiguration;
			buildSettings = {
				ASSETCATALOG_COMPILER_APPICON_NAME = AppIcon;
				ASSETCATALOG_COMPILER_GLOBAL_ACCENT_COLOR_NAME = AccentColor;
				CODE_SIGN_STYLE = Automatic;
				CURRENT_PROJECT_VERSION = 1;
				GENERATE_INFOPLIST_FILE = YES;
				INFOPLIST_FILE = Source/Support/Info.plist;
				INFOPLIST_KEY_UIApplicationSupportsIndirectInputEvents = YES;
				INFOPLIST_KEY_UILaunchStoryboardName = LaunchScreen;
				INFOPLIST_KEY_UISupportedInterfaceOrientations_iPad = "UIInterfaceOrientationPortrait UIInterfaceOrientationPortraitUpsideDown UIInterfaceOrientationLandscapeLeft UIInterfaceOrientationLandscapeRight";
				INFOPLIST_KEY_UISupportedInterfaceOrientations_iPhone = "UIInterfaceOrientationPortrait UIInterfaceOrientationLandscapeLeft UIInterfaceOrientationLandscapeRight";
				LD_RUNPATH_SEARCH_PATHS = (
					"$(inherited)",
					"@executable_path/Frameworks",
				);
				MARKETING_VERSION = 1.0;
				PRODUCT_BUNDLE_IDENTIFIER = "SH.MVVM-Inputs-Outputs-binding-with-combine";
				PRODUCT_NAME = "$(TARGET_NAME)";
				SWIFT_EMIT_LOC_STRINGS = YES;
				SWIFT_VERSION = 5.0;
				TARGETED_DEVICE_FAMILY = "1,2";
			};
			name = Debug;
		};
		1518D6CA29FA403300ED8969 /* Release */ = {
			isa = XCBuildConfiguration;
			buildSettings = {
				ASSETCATALOG_COMPILER_APPICON_NAME = AppIcon;
				ASSETCATALOG_COMPILER_GLOBAL_ACCENT_COLOR_NAME = AccentColor;
				CODE_SIGN_STYLE = Automatic;
				CURRENT_PROJECT_VERSION = 1;
				GENERATE_INFOPLIST_FILE = YES;
				INFOPLIST_FILE = Source/Support/Info.plist;
				INFOPLIST_KEY_UIApplicationSupportsIndirectInputEvents = YES;
				INFOPLIST_KEY_UILaunchStoryboardName = LaunchScreen;
				INFOPLIST_KEY_UISupportedInterfaceOrientations_iPad = "UIInterfaceOrientationPortrait UIInterfaceOrientationPortraitUpsideDown UIInterfaceOrientationLandscapeLeft UIInterfaceOrientationLandscapeRight";
				INFOPLIST_KEY_UISupportedInterfaceOrientations_iPhone = "UIInterfaceOrientationPortrait UIInterfaceOrientationLandscapeLeft UIInterfaceOrientationLandscapeRight";
				LD_RUNPATH_SEARCH_PATHS = (
					"$(inherited)",
					"@executable_path/Frameworks",
				);
				MARKETING_VERSION = 1.0;
				PRODUCT_BUNDLE_IDENTIFIER = "SH.MVVM-Inputs-Outputs-binding-with-combine";
				PRODUCT_NAME = "$(TARGET_NAME)";
				SWIFT_EMIT_LOC_STRINGS = YES;
				SWIFT_VERSION = 5.0;
				TARGETED_DEVICE_FAMILY = "1,2";
			};
			name = Release;
		};
/* End XCBuildConfiguration section */

/* Begin XCConfigurationList section */
		1518D6AF29FA403200ED8969 /* Build configuration list for PBXProject "MVVM Inputs-Outputs binding with combine" */ = {
			isa = XCConfigurationList;
			buildConfigurations = (
				1518D6C629FA403300ED8969 /* Debug */,
				1518D6C729FA403300ED8969 /* Release */,
			);
			defaultConfigurationIsVisible = 0;
			defaultConfigurationName = Release;
		};
		1518D6C829FA403300ED8969 /* Build configuration list for PBXNativeTarget "MVVM Inputs-Outputs binding with combine" */ = {
			isa = XCConfigurationList;
			buildConfigurations = (
				1518D6C929FA403300ED8969 /* Debug */,
				1518D6CA29FA403300ED8969 /* Release */,
			);
			defaultConfigurationIsVisible = 0;
			defaultConfigurationName = Release;
		};
/* End XCConfigurationList section */
	};
	rootObject = 1518D6AC29FA403200ED8969 /* Project object */;
}
